<?xml version="1.0" encoding="UTF-8" standalone="yes" ?>
<CodeBlocks_project_file>
	<FileVersion major="1" minor="6" />
	<Project>
		<Option title="RoundRobinAlgorithm" />
		<Option pch_mode="2" />
		<Option compiler="gcc" />
		<Build>
			<Target title="Debug">
				<Option output="bin/Debug/RoundRobinAlgorithm" prefix_auto="1" extension_auto="1" />
				<Option object_output="obj/Debug/" />
				<Option type="1" />
				<Option compiler="gcc" />
				<Compiler>
					<Add option="-g" />
				</Compiler>
			</Target>
			<Target title="Release">
				<Option output="bin/Release/RoundRobinAlgorithm" prefix_auto="1" extension_auto="1" />
				<Option object_output="obj/Release/" />
				<Option type="1" />
				<Option compiler="gcc" />
				<Compiler>
					<Add option="-O2" />
				</Compiler>
				<Linker>
					<Add option="-s" />
				</Linker>
			</Target>
		</Build>
		<Compiler>
			<Add option="-Wall" />
		</Compiler>
		<Unit filename="Models/process.h" />
		<Unit filename="Models/process_result.h" />
		<Unit filename="Models/round_robin_result.h" />
		<Unit filename="RoundRobin/EFPRR.c">
			<Option compilerVar="CC" />
		</Unit>
		<Unit filename="RoundRobin/EFPRR.h" />
		<Unit filename="RoundRobin/best_quantum_time_round_robin.c">
			<Option compilerVar="CC" />
		</Unit>
		<Unit filename="RoundRobin/best_quantum_time_round_robin.h" />
		<Unit filename="RoundRobin/manhattan_round_robin.c">
			<Option compilerVar="CC" />
		</Unit>
		<Unit filename="RoundRobin/manhatten_round_robin.h" />
		<Unit filename="RoundRobin/round_robin.c">
			<Option compilerVar="CC" />
		</Unit>
		<Unit filename="RoundRobin/round_robin.h" />
		<Unit filename="RoundRobin/sorted_round_robin.c">
			<Option compilerVar="CC" />
		</Unit>
		<Unit filename="RoundRobin/sorted_round_robin.h" />
		<Unit filename="Util/color_print.c">
			<Option compilerVar="CC" />
		</Unit>
		<Unit filename="Util/color_print.h" />
		<Unit filename="Util/data_saver.c">
			<Option compilerVar="CC" />
		</Unit>
		<Unit filename="Util/data_saver.h" />
		<Unit filename="console_application.c">
			<Option compilerVar="CC" />
		</Unit>
		<Unit filename="console_application.h" />
		<Unit filename="main.c">
			<Option compilerVar="CC" />
		</Unit>
		<Unit filename="process_generator.c">
			<Option compilerVar="CC" />
		</Unit>
		<Unit filename="process_generator.h" />
		<Extensions>
			<lib_finder disable_auto="1" />
		</Extensions>
	</Project>
</CodeBlocks_project_file>
